
Microsoft Visual Studio Solution File, Format Version 12.00
# Visual Studio Version 17
VisualStudioVersion = 17.4.33213.308
MinimumVisualStudioVersion = 10.0.40219.1
Project("{9A19103F-16F7-4668-BE54-9A1E7A4F7556}") = "OrderService", "OrderService\OrderService.csproj", "{295DBEA7-D3D4-4271-A285-C861EFEE9E89}"
EndProject
Project("{FAE04EC0-301F-11D3-BF4B-00C04F79EFBC}") = "UserService", "UserService\UserService.csproj", "{6454E081-DC76-4AF2-A13C-9B8CF92E39FF}"
EndProject
Global
	GlobalSection(SolutionConfigurationPlatforms) = preSolution
		Debug|Any CPU = Debug|Any CPU
		Release|Any CPU = Release|Any CPU
	EndGlobalSection
	GlobalSection(ProjectConfigurationPlatforms) = postSolution
		{295DBEA7-D3D4-4271-A285-C861EFEE9E89}.Debug|Any CPU.ActiveCfg = Debug|Any CPU
		{295DBEA7-D3D4-4271-A285-C861EFEE9E89}.Debug|Any CPU.Build.0 = Debug|Any CPU
		{295DBEA7-D3D4-4271-A285-C861EFEE9E89}.Release|Any CPU.ActiveCfg = Release|Any CPU
		{295DBEA7-D3D4-4271-A285-C861EFEE9E89}.Release|Any CPU.Build.0 = Release|Any CPU
		{6454E081-DC76-4AF2-A13C-9B8CF92E39FF}.Debug|Any CPU.ActiveCfg = Debug|Any CPU
		{6454E081-DC76-4AF2-A13C-9B8CF92E39FF}.Debug|Any CPU.Build.0 = Debug|Any CPU
		{6454E081-DC76-4AF2-A13C-9B8CF92E39FF}.Release|Any CPU.ActiveCfg = Release|Any CPU
		{6454E081-DC76-4AF2-A13C-9B8CF92E39FF}.Release|Any CPU.Build.0 = Release|Any CPU
	EndGlobalSection
	GlobalSection(SolutionProperties) = preSolution
		HideSolutionNode = FALSE
	EndGlobalSection
	GlobalSection(ExtensibilityGlobals) = postSolution
		SolutionGuid = {1566094A-0BC6-479E-8ED9-03D91FB162DE}
	EndGlobalSection
EndGlobal
